version: 7
platforms:
- name: linux-64
environments:
  default:
    channels:
    - url: https://conda.anaconda.org/conda-forge/
    packages:
      linux-64:
      - conda: https://conda.anaconda.org/conda-forge/linux-64/_openmp_mutex-4.5-20_gnu.conda
      - conda: https://conda.anaconda.org/conda-forge/linux-64/binutils-2.45.1-default_h4852527_102.conda
      - conda: https://conda.anaconda.org/conda-forge/linux-64/binutils_impl_linux-64-2.45.1-default_hfdba357_102.conda
      - conda: https://conda.anaconda.org/conda-forge/linux-64/binutils_linux-64-2.45.1-default_h4852527_102.conda
      - conda: https://conda.anaconda.org/conda-forge/linux-64/bzip2-1.0.8-hda65f42_9.conda
      - conda: https://conda.anaconda.org/conda-forge/linux-64/c-ares-1.34.6-hb03c661_0.conda
      - conda: https://conda.anaconda.org/conda-forge/linux-64/c-compiler-1.11.0-h4d9bdce_0.conda
      - conda: https://conda.anaconda.org/conda-forge/linux-64/catch2-3.15.0-h171cf75_0.conda
      - conda: https://conda.anaconda.org/conda-forge/linux-64/cmake-4.3.3-hc85cc9f_0.conda
      - conda: https://conda.anaconda.org/conda-forge/linux-64/cxx-compiler-1.11.0-hfcd1e18_0.conda
      - conda: https://conda.anaconda.org/conda-forge/linux-64/gcc-14.3.0-h6f77f03_19.conda
      - conda: https://conda.anaconda.org/conda-forge/linux-64/gcc_impl_linux-64-14.3.0-h235f0fe_19.conda
      - conda: https://conda.anaconda.org/conda-forge/linux-64/gcc_linux-64-14.3.0-h50e9bb6_25.conda
      - conda: https://conda.anaconda.org/conda-forge/linux-64/gxx-14.3.0-h76987e4_19.conda
      - conda: https://conda.anaconda.org/conda-forge/linux-64/gxx_impl_linux-64-14.3.0-h2185e75_19.conda
      - conda: https://conda.anaconda.org/conda-forge/linux-64/gxx_linux-64-14.3.0-h72ca5df_25.conda
      - conda: https://conda.anaconda.org/conda-forge/linux-64/icu-78.3-h33c6efd_0.conda
      - conda: https://conda.anaconda.org/conda-forge/linux-64/keyutils-1.6.3-hb9d3cd8_0.conda
      - conda: https://conda.anaconda.org/conda-forge/linux-64/krb5-1.22.2-ha1258a1_0.conda
      - conda: https://conda.anaconda.org/conda-forge/linux-64/ld_impl_linux-64-2.45.1-default_hbd61a6d_102.conda
      - conda: https://conda.anaconda.org/conda-forge/linux-64/libcurl-8.20.0-hcf29cc6_0.conda
      - conda: https://conda.anaconda.org/conda-forge/linux-64/libedit-3.1.20250104-pl5321h7949ede_0.conda
      - conda: https://conda.anaconda.org/conda-forge/linux-64/libev-4.33-hd590300_2.conda
      - conda: https://conda.anaconda.org/conda-forge/linux-64/libexpat-2.8.1-hecca717_0.conda
      - conda: https://conda.anaconda.org/conda-forge/linux-64/libgcc-15.2.0-he0feb66_19.conda
      - conda: https://conda.anaconda.org/conda-forge/linux-64/libgcc-ng-15.2.0-h69a702a_19.conda
      - conda: https://conda.anaconda.org/conda-forge/linux-64/libgomp-15.2.0-he0feb66_19.conda
      - conda: https://conda.anaconda.org/conda-forge/linux-64/libhwloc-2.13.0-default_he001693_1000.conda
      - conda: https://conda.anaconda.org/conda-forge/linux-64/libiconv-1.18-h3b78370_2.conda
      - conda: https://conda.anaconda.org/conda-forge/linux-64/liblzma-5.8.3-hb03c661_0.conda
      - conda: https://conda.anaconda.org/conda-forge/linux-64/libnghttp2-1.68.1-h877daf1_0.conda
      - conda: https://conda.anaconda.org/conda-forge/linux-64/libsanitizer-14.3.0-h8f1669f_19.conda
      - conda: https://conda.anaconda.org/conda-forge/linux-64/libssh2-1.11.1-hcf80075_0.conda
      - conda: https://conda.anaconda.org/conda-forge/linux-64/libstdcxx-15.2.0-h934c35e_19.conda
      - conda: https://conda.anaconda.org/conda-forge/linux-64/libuv-1.52.1-h280c20c_0.conda
      - conda: https://conda.anaconda.org/conda-forge/linux-64/libxml2-16-2.15.3-hca6bf5a_0.conda
      - conda: https://conda.anaconda.org/conda-forge/linux-64/libxml2-2.15.3-h49c6c72_0.conda
      - conda: https://conda.anaconda.org/conda-forge/linux-64/libzlib-1.3.2-h25fd6f3_2.conda
      - conda: https://conda.anaconda.org/conda-forge/linux-64/lz4-c-1.10.0-h5888daf_1.conda
      - conda: https://conda.anaconda.org/conda-forge/linux-64/ncurses-6.6-hdb14827_0.conda
      - conda: https://conda.anaconda.org/conda-forge/linux-64/ninja-1.13.2-h171cf75_0.conda
      - conda: https://conda.anaconda.org/conda-forge/linux-64/openssl-3.6.2-h35e630c_0.conda
      - conda: https://conda.anaconda.org/conda-forge/linux-64/rhash-1.4.6-hb9d3cd8_1.conda
      - conda: https://conda.anaconda.org/conda-forge/linux-64/tbb-2023.0.0-hab88423_2.conda
      - conda: https://conda.anaconda.org/conda-forge/linux-64/tbb-devel-2023.0.0-hab88423_2.conda
      - conda: https://conda.anaconda.org/conda-forge/linux-64/zstd-1.5.7-hb78ec9c_6.conda
      - conda: https://conda.anaconda.org/conda-forge/noarch/ca-certificates-2026.5.20-hbd8a1cb_0.conda
      - conda: https://conda.anaconda.org/conda-forge/noarch/kernel-headers_linux-64-4.18.0-he073ed8_9.conda
      - conda: https://conda.anaconda.org/conda-forge/noarch/libgcc-devel_linux-64-14.3.0-hf649bbc_119.conda
      - conda: https://conda.anaconda.org/conda-forge/noarch/libstdcxx-devel_linux-64-14.3.0-h9f08a49_119.conda
      - conda: https://conda.anaconda.org/conda-forge/noarch/sysroot_linux-64-2.28-h4ee821c_9.conda
      - conda: https://conda.anaconda.org/conda-forge/noarch/tzdata-2025c-hc9c84f9_1.conda
packages:
- conda: https://conda.anaconda.org/conda-forge/linux-64/_openmp_mutex-4.5-20_gnu.conda
  build_number: 20
  sha256: 1dd3fffd892081df9726d7eb7e0dea6198962ba775bd88842135a4ddb4deb3c9
  md5: a9f577daf3de00bca7c3c76c0ecbd1de
  depends:
  - __glibc >=2.17,<3.0.a0
  - libgomp >=7.5.0
  constrains:
  - openmp_impl <0.0a0
  license: BSD-3-Clause
  license_family: BSD
  size: 28948
  timestamp: 1770939786096
- conda: https://conda.anaconda.org/conda-forge/linux-64/binutils-2.45.1-default_h4852527_102.conda
  sha256: 3c7c5580c1720206f28b7fa3d60d17986b3f32465e63009c14c9ae1ea64f926c
  md5: 212fe5f1067445544c99dc1c847d032c
  depends:
  - binutils_impl_linux-64 >=2.45.1,<2.45.2.0a0
  license: GPL-3.0-only
  license_family: GPL
  size: 35436
  timestamp: 1774197482571
- conda: https://conda.anaconda.org/conda-forge/linux-64/binutils_impl_linux-64-2.45.1-default_hfdba357_102.conda
  sha256: 0a7d405064f53b9d91d92515f1460f7906ee5e8523f3cd8973430e81219f4917
  md5: 8165352fdce2d2025bf884dc0ee85700
  depends:
  - ld_impl_linux-64 2.45.1 default_hbd61a6d_102
  - sysroot_linux-64
  - zstd >=1.5.7,<1.6.0a0
  license: GPL-3.0-only
  license_family: GPL
  size: 3661455
  timestamp: 1774197460085
- conda: https://conda.anaconda.org/conda-forge/linux-64/binutils_linux-64-2.45.1-default_h4852527_102.conda
  sha256: 78a58d523d072b7f8e591b8f8572822e044b31764ed7e8d170392e7bc6d58339
  md5: 2a307a17309d358c9b42afdd3199ddcc
  depends:
  - binutils_impl_linux-64 2.45.1 default_hfdba357_102
  license: GPL-3.0-only
  license_family: GPL
  size: 36304
  timestamp: 1774197485247
- conda: https://conda.anaconda.org/conda-forge/linux-64/bzip2-1.0.8-hda65f42_9.conda
  sha256: 0b75d45f0bba3e95dc693336fa51f40ea28c980131fec438afb7ce6118ed05f6
  md5: d2ffd7602c02f2b316fd921d39876885
  depends:
  - __glibc >=2.17,<3.0.a0
  - libgcc >=14
  license: bzip2-1.0.6
  license_family: BSD
  size: 260182
  timestamp: 1771350215188
- conda: https://conda.anaconda.org/conda-forge/linux-64/c-ares-1.34.6-hb03c661_0.conda
  sha256: cc9accf72fa028d31c2a038460787751127317dcfa991f8d1f1babf216bb454e
  md5: 920bb03579f15389b9e512095ad995b7
  depends:
  - __glibc >=2.17,<3.0.a0
  - libgcc >=14
  license: MIT
  license_family: MIT
  size: 207882
  timestamp: 1765214722852
- conda: https://conda.anaconda.org/conda-forge/linux-64/c-compiler-1.11.0-h4d9bdce_0.conda
  sha256: 8e7a40f16400d7839c82581410aa05c1f8324a693c9d50079f8c50dc9fb241f0
  md5: abd85120de1187b0d1ec305c2173c71b
  depends:
  - binutils
  - gcc
  - gcc_linux-64 14.*
  license: BSD-3-Clause
  license_family: BSD
  size: 6693
  timestamp: 1753098721814
- conda: https://conda.anaconda.org/conda-forge/linux-64/catch2-3.15.0-h171cf75_0.conda
  sha256: ee60db2de40d1d63aa994d459618dc5d1d86e54392fda6e344a224893e003f23
  md5: e51f0d8a9134779f8e20c2ab510d1327
  depends:
  - __glibc >=2.17,<3.0.a0
  - libstdcxx >=14
  - libgcc >=14
  license: BSL-1.0
  size: 648318
  timestamp: 1778587760422
- conda: https://conda.anaconda.org/conda-forge/linux-64/cmake-4.3.3-hc85cc9f_0.conda
  sha256: 796276f96ea27acaba1f25755977f6c12dfbc886fd1db713263c795184168f59
  md5: 30a266b5d91bc45fccbcc45588b2db79
  depends:
  - __glibc >=2.17,<3.0.a0
  - bzip2 >=1.0.8,<2.0a0
  - libcurl >=8.20.0,<9.0a0
  - libexpat >=2.8.1,<3.0a0
  - libgcc >=14
  - liblzma >=5.8.3,<6.0a0
  - libstdcxx >=14
  - libuv >=1.51.0,<2.0a0
  - libzlib >=1.3.2,<2.0a0
  - ncurses >=6.6,<7.0a0
  - rhash >=1.4.6,<2.0a0
  - zstd >=1.5.7,<1.6.0a0
  license: BSD-3-Clause
  license_family: BSD
  size: 23085721
  timestamp: 1779398000620
- conda: https://conda.anaconda.org/conda-forge/linux-64/cxx-compiler-1.11.0-hfcd1e18_0.conda
  sha256: 3fcc97ae3e89c150401a50a4de58794ffc67b1ed0e1851468fcc376980201e25
  md5: 5da8c935dca9186673987f79cef0b2a5
  depends:
  - c-compiler 1.11.0 h4d9bdce_0
  - gxx
  - gxx_linux-64 14.*
  license: BSD-3-Clause
  license_family: BSD
  size: 6635
  timestamp: 1753098722177
- conda: https://conda.anaconda.org/conda-forge/linux-64/gcc-14.3.0-h6f77f03_19.conda
  sha256: 5c86862941a44b2554e23e623ddb8f18c95474cacf536635e38ee431385b7d4a
  md5: 444fafd4d1acdfe80c49b559a2569ba1
  depends:
  - gcc_impl_linux-64 14.3.0 h235f0fe_19
  track_features:
  - gcc_no_conda_specs
  license: BSD-3-Clause
  license_family: BSD
  size: 29453
  timestamp: 1778268811434
- conda: https://conda.anaconda.org/conda-forge/linux-64/gcc_impl_linux-64-14.3.0-h235f0fe_19.conda
  sha256: 1e2500ca976d4831c953d1c6db7b238d2e6806910b930e3eb631b79ba5c3ba41
  md5: 99936dc616b7ce97b0468759b8a7c64e
  depends:
  - binutils_impl_linux-64 >=2.45
  - libgcc >=14.3.0
  - libgcc-devel_linux-64 14.3.0 hf649bbc_119
  - libgomp >=14.3.0
  - libsanitizer 14.3.0 h8f1669f_19
  - libstdcxx >=14.3.0
  - libstdcxx-devel_linux-64 14.3.0 h9f08a49_119
  - sysroot_linux-64
  license: GPL-3.0-only WITH GCC-exception-3.1
  license_family: GPL
  size: 77667192
  timestamp: 1778268558509
- conda: https://conda.anaconda.org/conda-forge/linux-64/gcc_linux-64-14.3.0-h50e9bb6_25.conda
  sha256: 95d22db25f0b8875febe63073f809c0c64f4026cc9e6aa0cca7130de51e4d044
  md5: 0a9089d9eeeeb23313a9ce670fb89052
  depends:
  - gcc_impl_linux-64 14.3.0.*
  - binutils_linux-64
  - sysroot_linux-64
  license: BSD-3-Clause
  license_family: BSD
  size: 29191
  timestamp: 1779371710532
- conda: https://conda.anaconda.org/conda-forge/linux-64/gxx-14.3.0-h76987e4_19.conda
  sha256: 32ff46517d91ee041287687d65140f7b0e8d08bb3fca141e5f97cc4a7ad7e255
  md5: 1167f6b6bfaf9ba5a450c5c8f3a21795
  depends:
  - gcc 14.3.0 h6f77f03_19
  - gxx_impl_linux-64 14.3.0 h2185e75_19
  license: BSD-3-Clause
  license_family: BSD
  size: 28877
  timestamp: 1778268830629
- conda: https://conda.anaconda.org/conda-forge/linux-64/gxx_impl_linux-64-14.3.0-h2185e75_19.conda
  sha256: a31694c26d6a525d44f81130ebf7b9abe18771b7eaecb2cf93630c0b8b8fb936
  md5: 8b867d053ed89743eeac52c3a50f112d
  depends:
  - gcc_impl_linux-64 14.3.0 h235f0fe_19
  - libstdcxx-devel_linux-64 14.3.0 h9f08a49_119
  - sysroot_linux-64
  - tzdata
  license: GPL-3.0-only WITH GCC-exception-3.1
  license_family: GPL
  size: 15235650
  timestamp: 1778268773535
- conda: https://conda.anaconda.org/conda-forge/linux-64/gxx_linux-64-14.3.0-h72ca5df_25.conda
  sha256: 369abc77d74a8275c734f9ca2375892b86d3163a541b1f5a2de946083a9e3ab0
  md5: 4718c7fefd927621bad46a8bcc6387d6
  depends:
  - gxx_impl_linux-64 14.3.0.*
  - gcc_linux-64 ==14.3.0 h50e9bb6_25
  - binutils_linux-64
  - sysroot_linux-64
  license: BSD-3-Clause
  license_family: BSD
  size: 27696
  timestamp: 1779371710532
- conda: https://conda.anaconda.org/conda-forge/linux-64/icu-78.3-h33c6efd_0.conda
  sha256: fbf86c4a59c2ed05bbffb2ba25c7ed94f6185ec30ecb691615d42342baa1a16a
  md5: c80d8a3b84358cb967fa81e7075fbc8a
  depends:
  - __glibc >=2.17,<3.0.a0
  - libgcc >=14
  - libstdcxx >=14
  license: MIT
  license_family: MIT
  size: 12723451
  timestamp: 1773822285671
- conda: https://conda.anaconda.org/conda-forge/linux-64/keyutils-1.6.3-hb9d3cd8_0.conda
  sha256: 0960d06048a7185d3542d850986d807c6e37ca2e644342dd0c72feefcf26c2a4
  md5: b38117a3c920364aff79f870c984b4a3
  depends:
  - __glibc >=2.17,<3.0.a0
  - libgcc >=13
  license: LGPL-2.1-or-later
  size: 134088
  timestamp: 1754905959823
- conda: https://conda.anaconda.org/conda-forge/linux-64/krb5-1.22.2-ha1258a1_0.conda
  sha256: 3e307628ca3527448dd1cb14ad7bb9d04d1d28c7d4c5f97ba196ae984571dd25
  md5: fb53fb07ce46a575c5d004bbc96032c2
  depends:
  - __glibc >=2.17,<3.0.a0
  - keyutils >=1.6.3,<2.0a0
  - libedit >=3.1.20250104,<3.2.0a0
  - libedit >=3.1.20250104,<4.0a0
  - libgcc >=14
  - libstdcxx >=14
  - openssl >=3.5.5,<4.0a0
  license: MIT
  license_family: MIT
  size: 1386730
  timestamp: 1769769569681
- conda: https://conda.anaconda.org/conda-forge/linux-64/ld_impl_linux-64-2.45.1-default_hbd61a6d_102.conda
  sha256: 3d584956604909ff5df353767f3a2a2f60e07d070b328d109f30ac40cd62df6c
  md5: 18335a698559cdbcd86150a48bf54ba6
  depends:
  - __glibc >=2.17,<3.0.a0
  - zstd >=1.5.7,<1.6.0a0
  constrains:
  - binutils_impl_linux-64 2.45.1
  license: GPL-3.0-only
  license_family: GPL
  size: 728002
  timestamp: 1774197446916
- conda: https://conda.anaconda.org/conda-forge/linux-64/libcurl-8.20.0-hcf29cc6_0.conda
  sha256: 75963a5dd913311f59a35dbd307592f4fa754c4808aff9c33edb430c415e38eb
  md5: c3cc2864f82a944bc90a7beb4d3b0e88
  depends:
  - __glibc >=2.17,<3.0.a0
  - krb5 >=1.22.2,<1.23.0a0
  - libgcc >=14
  - libnghttp2 >=1.68.1,<2.0a0
  - libssh2 >=1.11.1,<2.0a0
  - libzlib >=1.3.2,<2.0a0
  - openssl >=3.5.6,<4.0a0
  - zstd >=1.5.7,<1.6.0a0
  license: curl
  license_family: MIT
  size: 468706
  timestamp: 1777461492876
- conda: https://conda.anaconda.org/conda-forge/linux-64/libedit-3.1.20250104-pl5321h7949ede_0.conda
  sha256: d789471216e7aba3c184cd054ed61ce3f6dac6f87a50ec69291b9297f8c18724
  md5: c277e0a4d549b03ac1e9d6cbbe3d017b
  depends:
  - ncurses
  - __glibc >=2.17,<3.0.a0
  - libgcc >=13
  - ncurses >=6.5,<7.0a0
  license: BSD-2-Clause
  license_family: BSD
  size: 134676
  timestamp: 1738479519902
- conda: https://conda.anaconda.org/conda-forge/linux-64/libev-4.33-hd590300_2.conda
  sha256: 1cd6048169fa0395af74ed5d8f1716e22c19a81a8a36f934c110ca3ad4dd27b4
  md5: 172bf1cd1ff8629f2b1179945ed45055
  depends:
  - libgcc-ng >=12
  license: BSD-2-Clause
  license_family: BSD
  size: 112766
  timestamp: 1702146165126
- conda: https://conda.anaconda.org/conda-forge/linux-64/libexpat-2.8.1-hecca717_0.conda
  sha256: 363018b25fdb5534c79783d912bd4b685a3547f4fc5996357ad548899b0ee8e7
  md5: 93764a5ca80616e9c10106cdaec92f74
  depends:
  - __glibc >=2.17,<3.0.a0
  - libgcc >=14
  constrains:
  - expat 2.8.1.*
  license: MIT
  license_family: MIT
  size: 77294
  timestamp: 1779278686680
- conda: https://conda.anaconda.org/conda-forge/linux-64/libgcc-15.2.0-he0feb66_19.conda
  sha256: 8e0a3b5e41272e5678499b5dfc4cddb673f9e935de01eb0767ce857001229f46
  md5: 57736f29cc2b0ec0b6c2952d3f101b6a
  depends:
  - __glibc >=2.17,<3.0.a0
  - _openmp_mutex >=4.5
  constrains:
  - libgcc-ng ==15.2.0=*_19
  - libgomp 15.2.0 he0feb66_19
  license: GPL-3.0-only WITH GCC-exception-3.1
  license_family: GPL
  size: 1041084
  timestamp: 1778269013026
- conda: https://conda.anaconda.org/conda-forge/linux-64/libgcc-ng-15.2.0-h69a702a_19.conda
  sha256: 9dcf54adfaa5e861123c2da4f2f0451a685464ea7e5a41ad91cf67b31d658d98
  md5: 331ee9b72b9dff570d56b1302c5ab37d
  depends:
  - libgcc 15.2.0 he0feb66_19
  license: GPL-3.0-only WITH GCC-exception-3.1
  license_family: GPL
  size: 27694
  timestamp: 1778269016987
- conda: https://conda.anaconda.org/conda-forge/linux-64/libgomp-15.2.0-he0feb66_19.conda
  sha256: 5abe4ab9d93f6c9757d654f1969ae2267d4505315c1f2f8fe705fd60af084f1b
  md5: faac990cb7aedc7f3a2224f2c9b0c26c
  depends:
  - __glibc >=2.17,<3.0.a0
  license: GPL-3.0-only WITH GCC-exception-3.1
  license_family: GPL
  size: 603817
  timestamp: 1778268942614
- conda: https://conda.anaconda.org/conda-forge/linux-64/libhwloc-2.13.0-default_he001693_1000.conda
  sha256: 5041d295813dfb84652557839825880aae296222ab725972285c5abe3b6e4288
  md5: c197985b58bc813d26b42881f0021c82
  depends:
  - __glibc >=2.17,<3.0.a0
  - libgcc >=14
  - libstdcxx >=14
  - libxml2
  - libxml2-16 >=2.14.6
  license: BSD-3-Clause
  license_family: BSD
  size: 2436378
  timestamp: 1770953868164
- conda: https://conda.anaconda.org/conda-forge/linux-64/libiconv-1.18-h3b78370_2.conda
  sha256: c467851a7312765447155e071752d7bf9bf44d610a5687e32706f480aad2833f
  md5: 915f5995e94f60e9a4826e0b0920ee88
  depends:
  - __glibc >=2.17,<3.0.a0
  - libgcc >=14
  license: LGPL-2.1-only
  size: 790176
  timestamp: 1754908768807
- conda: https://conda.anaconda.org/conda-forge/linux-64/liblzma-5.8.3-hb03c661_0.conda
  sha256: ec30e52a3c1bf7d0425380a189d209a52baa03f22fb66dd3eb587acaa765bd6d
  md5: b88d90cad08e6bc8ad540cb310a761fb
  depends:
  - __glibc >=2.17,<3.0.a0
  - libgcc >=14
  constrains:
  - xz 5.8.3.*
  license: 0BSD
  size: 113478
  timestamp: 1775825492909
- conda: https://conda.anaconda.org/conda-forge/linux-64/libnghttp2-1.68.1-h877daf1_0.conda
  sha256: 663444d77a42f2265f54fb8b48c5450bfff4388d9c0f8253dd7855f0d993153f
  md5: 2a45e7f8af083626f009645a6481f12d
  depends:
  - __glibc >=2.17,<3.0.a0
  - c-ares >=1.34.6,<2.0a0
  - libev >=4.33,<4.34.0a0
  - libev >=4.33,<5.0a0
  - libgcc >=14
  - libstdcxx >=14
  - libzlib >=1.3.1,<2.0a0
  - openssl >=3.5.5,<4.0a0
  license: MIT
  license_family: MIT
  size: 663344
  timestamp: 1773854035739
- conda: https://conda.anaconda.org/conda-forge/linux-64/libsanitizer-14.3.0-h8f1669f_19.conda
  sha256: 8766de5423b0a510e2b1bdd1963d0554bdad2119f3e31d8fbd4189af434235ca
  md5: 007796e5a595bbc7df4a5e1580d72e1a
  depends:
  - __glibc >=2.17,<3.0.a0
  - libgcc >=14.3.0
  - libstdcxx >=14.3.0
  license: GPL-3.0-only WITH GCC-exception-3.1
  license_family: GPL
  size: 7947790
  timestamp: 1778268494844
- conda: https://conda.anaconda.org/conda-forge/linux-64/libssh2-1.11.1-hcf80075_0.conda
  sha256: fa39bfd69228a13e553bd24601332b7cfeb30ca11a3ca50bb028108fe90a7661
  md5: eecce068c7e4eddeb169591baac20ac4
  depends:
  - __glibc >=2.17,<3.0.a0
  - libgcc >=13
  - libzlib >=1.3.1,<2.0a0
  - openssl >=3.5.0,<4.0a0
  license: BSD-3-Clause
  license_family: BSD
  size: 304790
  timestamp: 1745608545575
- conda: https://conda.anaconda.org/conda-forge/linux-64/libstdcxx-15.2.0-h934c35e_19.conda
  sha256: dff1058c76ec6b8759e41cefa2508162d00e4a5e6721aa68ec3fd10094e702dc
  md5: 5794b3bdc38177caf969dabd3af08549
  depends:
  - __glibc >=2.17,<3.0.a0
  - libgcc 15.2.0 he0feb66_19
  constrains:
  - libstdcxx-ng ==15.2.0=*_19
  license: GPL-3.0-only WITH GCC-exception-3.1
  license_family: GPL
  size: 5852044
  timestamp: 1778269036376
- conda: https://conda.anaconda.org/conda-forge/linux-64/libuv-1.52.1-h280c20c_0.conda
  sha256: e28e4519223f78b3163599ca89c3f2d80bfb53e907e7fc74e806e60d1efa578b
  md5: 4e33d49bf4fc853855a3b00643aa5484
  depends:
  - libgcc >=14
  - __glibc >=2.17,<3.0.a0
  license: MIT
  license_family: MIT
  size: 419935
  timestamp: 1779396012261
- conda: https://conda.anaconda.org/conda-forge/linux-64/libxml2-16-2.15.3-hca6bf5a_0.conda
  sha256: 3d44f737c5ae52d5af32682cc1530df433f401f8e58a7533926536244127572a
  md5: e79d2c2f24b027aa8d5ab1b1ba3061e7
  depends:
  - __glibc >=2.17,<3.0.a0
  - icu >=78.3,<79.0a0
  - libgcc >=14
  - libiconv >=1.18,<2.0a0
  - liblzma >=5.8.3,<6.0a0
  - libzlib >=1.3.2,<2.0a0
  constrains:
  - libxml2 2.15.3
  license: MIT
  license_family: MIT
  size: 559775
  timestamp: 1776376739004
- conda: https://conda.anaconda.org/conda-forge/linux-64/libxml2-2.15.3-h49c6c72_0.conda
  sha256: 3bc5551720c58591f6ea1146f7d1539c734ed1c40e7b9f5cb8cb7e900c509aba
  md5: 995d8c8bad2a3cc8db14675a153dec2b
  depends:
  - __glibc >=2.17,<3.0.a0
  - icu >=78.3,<79.0a0
  - libgcc >=14
  - libiconv >=1.18,<2.0a0
  - liblzma >=5.8.3,<6.0a0
  - libxml2-16 2.15.3 hca6bf5a_0
  - libzlib >=1.3.2,<2.0a0
  license: MIT
  license_family: MIT
  size: 46810
  timestamp: 1776376751152
- conda: https://conda.anaconda.org/conda-forge/linux-64/libzlib-1.3.2-h25fd6f3_2.conda
  sha256: 55044c403570f0dc26e6364de4dc5368e5f3fc7ff103e867c487e2b5ab2bcda9
  md5: d87ff7921124eccd67248aa483c23fec
  depends:
  - __glibc >=2.17,<3.0.a0
  constrains:
  - zlib 1.3.2 *_2
  license: Zlib
  license_family: Other
  size: 63629
  timestamp: 1774072609062
- conda: https://conda.anaconda.org/conda-forge/linux-64/lz4-c-1.10.0-h5888daf_1.conda
  sha256: 47326f811392a5fd3055f0f773036c392d26fdb32e4d8e7a8197eed951489346
  md5: 9de5350a85c4a20c685259b889aa6393
  depends:
  - __glibc >=2.17,<3.0.a0
  - libgcc >=13
  - libstdcxx >=13
  license: BSD-2-Clause
  license_family: BSD
  size: 167055
  timestamp: 1733741040117
- conda: https://conda.anaconda.org/conda-forge/linux-64/ncurses-6.6-hdb14827_0.conda
  sha256: fc89f74bbe362fb29fa3c037697a89bec140b346a2469a90f7936d1d7ea4d8a3
  md5: fc21868a1a5aacc937e7a18747acb8a5
  depends:
  - __glibc >=2.17,<3.0.a0
  - libgcc >=14
  license: X11 AND BSD-3-Clause
  size: 918956
  timestamp: 1777422145199
- conda: https://conda.anaconda.org/conda-forge/linux-64/ninja-1.13.2-h171cf75_0.conda
  sha256: 6f7d59dbec0a7b00bf5d103a4306e8886678b796ff2151b62452d4582b2a53fb
  md5: b518e9e92493721281a60fa975bddc65
  depends:
  - libstdcxx >=14
  - libgcc >=14
  - __glibc >=2.17,<3.0.a0
  license: Apache-2.0
  license_family: APACHE
  size: 186323
  timestamp: 1763688260928
- conda: https://conda.anaconda.org/conda-forge/linux-64/openssl-3.6.2-h35e630c_0.conda
  sha256: c0ef482280e38c71a08ad6d71448194b719630345b0c9c60744a2010e8a8e0cb
  md5: da1b85b6a87e141f5140bb9924cecab0
  depends:
  - __glibc >=2.17,<3.0.a0
  - ca-certificates
  - libgcc >=14
  license: Apache-2.0
  license_family: Apache
  size: 3167099
  timestamp: 1775587756857
- conda: https://conda.anaconda.org/conda-forge/linux-64/rhash-1.4.6-hb9d3cd8_1.conda
  sha256: d5c73079c1dd2c2a313c3bfd81c73dbd066b7eb08d213778c8bff520091ae894
  md5: c1c9b02933fdb2cfb791d936c20e887e
  depends:
  - __glibc >=2.17,<3.0.a0
  - libgcc >=13
  license: MIT
  license_family: MIT
  size: 193775
  timestamp: 1748644872902
- conda: https://conda.anaconda.org/conda-forge/linux-64/tbb-2023.0.0-hab88423_2.conda
  sha256: 30cb9355c2fefc20ff1a3d6566b9714d5614086a2524c07721fc344eb20515ae
  md5: 7073b15f9364ebc118998601ac6ca6a6
  depends:
  - __glibc >=2.17,<3.0.a0
  - libgcc >=14
  - libhwloc >=2.13.0,<2.13.1.0a0
  - libstdcxx >=14
  license: Apache-2.0
  license_family: APACHE
  size: 182331
  timestamp: 1778673758649
- conda: https://conda.anaconda.org/conda-forge/linux-64/tbb-devel-2023.0.0-hab88423_2.conda
  sha256: 47c82725569413b079632f5ad161b3bf2fa877d65dee1ff5c2c70a308a6150b5
  md5: 64a1e69ab772dd965d78be2734212667
  depends:
  - __glibc >=2.17,<3.0.a0
  - libgcc >=14
  - libstdcxx >=14
  - tbb 2023.0.0 hab88423_2
  size: 1139342
  timestamp: 1778673771784
- conda: https://conda.anaconda.org/conda-forge/linux-64/zstd-1.5.7-hb78ec9c_6.conda
  sha256: 68f0206ca6e98fea941e5717cec780ed2873ffabc0e1ed34428c061e2c6268c7
  md5: 4a13eeac0b5c8e5b8ab496e6c4ddd829
  depends:
  - __glibc >=2.17,<3.0.a0
  - libzlib >=1.3.1,<2.0a0
  license: BSD-3-Clause
  license_family: BSD
  size: 601375
  timestamp: 1764777111296
- conda: https://conda.anaconda.org/conda-forge/noarch/ca-certificates-2026.5.20-hbd8a1cb_0.conda
  sha256: 9812a303a1395e1dafbd92e5bc8a1ff6013bcbba0a09c7f03a8d23e43560aa9b
  md5: 489b8e97e666c93f68fdb35c3c9b957f
  depends:
  - __unix
  license: ISC
  size: 129868
  timestamp: 1779289852439
- conda: https://conda.anaconda.org/conda-forge/noarch/kernel-headers_linux-64-4.18.0-he073ed8_9.conda
  sha256: 41557eeadf641de6aeae49486cef30d02a6912d8da98585d687894afd65b356a
  md5: 86d9cba083cd041bfbf242a01a7a1999
  constrains:
  - sysroot_linux-64 ==2.28
  license: LGPL-2.0-or-later AND LGPL-2.0-or-later WITH exceptions AND GPL-2.0-or-later
  license_family: GPL
  size: 1278712
  timestamp: 1765578681495
- conda: https://conda.anaconda.org/conda-forge/noarch/libgcc-devel_linux-64-14.3.0-hf649bbc_119.conda
  sha256: e1815bb11d5abe886979e95889d84310d83d078d36a3567ca67cbf57a3876d88
  md5: 7d517e32d656a8880d98c0e4fc8ddc2c
  depends:
  - __unix
  license: GPL-3.0-only WITH GCC-exception-3.1
  license_family: GPL
  size: 3091520
  timestamp: 1778268364856
- conda: https://conda.anaconda.org/conda-forge/noarch/libstdcxx-devel_linux-64-14.3.0-h9f08a49_119.conda
  sha256: 1b4263aa5d8c8c659e8e38b66868f42867347e0c8941513ee77269afc00a5186
  md5: d1a866495b9654ccfef5392b8541dc58
  depends:
  - __unix
  license: GPL-3.0-only WITH GCC-exception-3.1
  license_family: GPL
  size: 20199810
  timestamp: 1778268389428
- conda: https://conda.anaconda.org/conda-forge/noarch/sysroot_linux-64-2.28-h4ee821c_9.conda
  sha256: c47299fe37aebb0fcf674b3be588e67e4afb86225be4b0d452c7eb75c086b851
  md5: 13dc3adbc692664cd3beabd216434749
  depends:
  - __glibc >=2.28
  - kernel-headers_linux-64 4.18.0 he073ed8_9
  - tzdata
  license: LGPL-2.0-or-later AND LGPL-2.0-or-later WITH exceptions AND GPL-2.0-or-later
  license_family: GPL
  size: 24008591
  timestamp: 1765578833462
- conda: https://conda.anaconda.org/conda-forge/noarch/tzdata-2025c-hc9c84f9_1.conda
  sha256: 1d30098909076af33a35017eed6f2953af1c769e273a0626a04722ac4acaba3c
  md5: ad659d0a2b3e47e38d829aa8cad2d610
  license: LicenseRef-Public-Domain
  size: 119135
  timestamp: 1767016325805
